
Microsoft Visual Studio Solution File, Format Version 12.00
# Visual Studio Version 16
VisualStudioVersion = 16.0.31624.102
MinimumVisualStudioVersion = 10.0.40219.1
Project("{9A19103F-16F7-4668-BE54-9A1E7A4F7556}") = "Entidades", "Entidades\Entidades.csproj", "{14BBB0DA-8070-4C2A-86A3-5D8764202BE2}"
EndProject
Project("{9A19103F-16F7-4668-BE54-9A1E7A4F7556}") = "Mercado", "FormPrincipal\Mercado.csproj", "{D46D7566-D4E5-45A1-82C1-C8F0D8D177B3}"
EndProject
Project("{FAE04EC0-301F-11D3-BF4B-00C04F79EFBC}") = "Test", "Test\Test.csproj", "{33A76CF2-F45B-40C6-BFAE-17DFBCE118F8}"
EndProject
Global
	GlobalSection(SolutionConfigurationPlatforms) = preSolution
		Debug|Any CPU = Debug|Any CPU
		Release|Any CPU = Release|Any CPU
	EndGlobalSection
	GlobalSection(ProjectConfigurationPlatforms) = postSolution
		{14BBB0DA-8070-4C2A-86A3-5D8764202BE2}.Debug|Any CPU.ActiveCfg = Debug|Any CPU
		{14BBB0DA-8070-4C2A-86A3-5D8764202BE2}.Debug|Any CPU.Build.0 = Debug|Any CPU
		{14BBB0DA-8070-4C2A-86A3-5D8764202BE2}.Release|Any CPU.ActiveCfg = Release|Any CPU
		{14BBB0DA-8070-4C2A-86A3-5D8764202BE2}.Release|Any CPU.Build.0 = Release|Any CPU
		{D46D7566-D4E5-45A1-82C1-C8F0D8D177B3}.Debug|Any CPU.ActiveCfg = Debug|Any CPU
		{D46D7566-D4E5-45A1-82C1-C8F0D8D177B3}.Debug|Any CPU.Build.0 = Debug|Any CPU
		{D46D7566-D4E5-45A1-82C1-C8F0D8D177B3}.Release|Any CPU.ActiveCfg = Release|Any CPU
		{D46D7566-D4E5-45A1-82C1-C8F0D8D177B3}.Release|Any CPU.Build.0 = Release|Any CPU
		{33A76CF2-F45B-40C6-BFAE-17DFBCE118F8}.Debug|Any CPU.ActiveCfg = Debug|Any CPU
		{33A76CF2-F45B-40C6-BFAE-17DFBCE118F8}.Debug|Any CPU.Build.0 = Debug|Any CPU
		{33A76CF2-F45B-40C6-BFAE-17DFBCE118F8}.Release|Any CPU.ActiveCfg = Release|Any CPU
		{33A76CF2-F45B-40C6-BFAE-17DFBCE118F8}.Release|Any CPU.Build.0 = Release|Any CPU
	EndGlobalSection
	GlobalSection(SolutionProperties) = preSolution
		HideSolutionNode = FALSE
	EndGlobalSection
	GlobalSection(ExtensibilityGlobals) = postSolution
		SolutionGuid = {FB754112-D0A7-44F1-B66A-8278AB062E18}
	EndGlobalSection
EndGlobal
