
Microsoft Visual Studio Solution File, Format Version 12.00
# Visual Studio Version 16
VisualStudioVersion = 16.0.31624.102
MinimumVisualStudioVersion = 10.0.40219.1
Project("{9A19103F-16F7-4668-BE54-9A1E7A4F7556}") = "Entidades", "Entidades\Entidades.csproj", "{8F151F6A-D512-4DF9-BCD1-279F7F5ABE9D}"
EndProject
Project("{FAE04EC0-301F-11D3-BF4B-00C04F79EFBC}") = "Form_Calculadora", "Form_Calculadora\Form_Calculadora.csproj", "{E0A866D4-951A-4783-B441-BE9E7046AB4B}"
EndProject
Global
	GlobalSection(SolutionConfigurationPlatforms) = preSolution
		Debug|Any CPU = Debug|Any CPU
		Release|Any CPU = Release|Any CPU
	EndGlobalSection
	GlobalSection(ProjectConfigurationPlatforms) = postSolution
		{8F151F6A-D512-4DF9-BCD1-279F7F5ABE9D}.Debug|Any CPU.ActiveCfg = Debug|Any CPU
		{8F151F6A-D512-4DF9-BCD1-279F7F5ABE9D}.Debug|Any CPU.Build.0 = Debug|Any CPU
		{8F151F6A-D512-4DF9-BCD1-279F7F5ABE9D}.Release|Any CPU.ActiveCfg = Release|Any CPU
		{8F151F6A-D512-4DF9-BCD1-279F7F5ABE9D}.Release|Any CPU.Build.0 = Release|Any CPU
		{E0A866D4-951A-4783-B441-BE9E7046AB4B}.Debug|Any CPU.ActiveCfg = Debug|Any CPU
		{E0A866D4-951A-4783-B441-BE9E7046AB4B}.Debug|Any CPU.Build.0 = Debug|Any CPU
		{E0A866D4-951A-4783-B441-BE9E7046AB4B}.Release|Any CPU.ActiveCfg = Release|Any CPU
		{E0A866D4-951A-4783-B441-BE9E7046AB4B}.Release|Any CPU.Build.0 = Release|Any CPU
	EndGlobalSection
	GlobalSection(SolutionProperties) = preSolution
		HideSolutionNode = FALSE
	EndGlobalSection
	GlobalSection(ExtensibilityGlobals) = postSolution
		SolutionGuid = {8B60E811-11B8-4A17-9507-A22D8699EBD8}
	EndGlobalSection
EndGlobal
